// !$*UTF8*$!
{
	archiveVersion = 1;
	classes = {
	};
	objectVersion = 50;
	objects = {

/* Begin PBXBuildFile section */
		CC168E552382812300030731 /* Data_Structures.framework in Frameworks */ = {isa = PBXBuildFile; fileRef = CC168E4B2382812300030731 /* Data_Structures.framework */; };
		CC168E5A2382812300030731 /* QueueTest.swift in Sources */ = {isa = PBXBuildFile; fileRef = CC168E592382812300030731 /* QueueTest.swift */; };
		CC168E5C2382812300030731 /* Data_Structures.h in Headers */ = {isa = PBXBuildFile; fileRef = CC168E4E2382812300030731 /* Data_Structures.h */; settings = {ATTRIBUTES = (Public, ); }; };
		CC168E662382816000030731 /* Queue.swift in Sources */ = {isa = PBXBuildFile; fileRef = CC168E652382816000030731 /* Queue.swift */; };
		CC493DBA239CE12D00C65D8E /* Semigroup.swift in Sources */ = {isa = PBXBuildFile; fileRef = CC493DB9239CE12D00C65D8E /* Semigroup.swift */; };
		CC493DBC239CE46F00C65D8E /* Monoid.swift in Sources */ = {isa = PBXBuildFile; fileRef = CC493DBB239CE46F00C65D8E /* Monoid.swift */; };
		CC493DBE239CE50B00C65D8E /* Group.swift in Sources */ = {isa = PBXBuildFile; fileRef = CC493DBD239CE50B00C65D8E /* Group.swift */; };
		CC493DC0239CE5C300C65D8E /* Ring.swift in Sources */ = {isa = PBXBuildFile; fileRef = CC493DBF239CE5C300C65D8E /* Ring.swift */; };
		CC493DC2239CE6BB00C65D8E /* Field.swift in Sources */ = {isa = PBXBuildFile; fileRef = CC493DC1239CE6BB00C65D8E /* Field.swift */; };
		CC493DC4239CE76400C65D8E /* Cardinality.swift in Sources */ = {isa = PBXBuildFile; fileRef = CC493DC3239CE76400C65D8E /* Cardinality.swift */; };
		CC493DC6239CE94300C65D8E /* Extensions.swift in Sources */ = {isa = PBXBuildFile; fileRef = CC493DC5239CE94300C65D8E /* Extensions.swift */; };
		CC493DCA239CEC0B00C65D8E /* Complex.swift in Sources */ = {isa = PBXBuildFile; fileRef = CC493DC9239CEC0B00C65D8E /* Complex.swift */; };
		CC493DCE239CF09000C65D8E /* ComplexTest.swift in Sources */ = {isa = PBXBuildFile; fileRef = CC493DCD239CF09000C65D8E /* ComplexTest.swift */; };
/* End PBXBuildFile section */

/* Begin PBXContainerItemProxy section */
		CC168E562382812300030731 /* PBXContainerItemProxy */ = {
			isa = PBXContainerItemProxy;
			containerPortal = CC168E422382812300030731 /* Project object */;
			proxyType = 1;
			remoteGlobalIDString = CC168E4A2382812300030731;
			remoteInfo = "Data Structures";
		};
/* End PBXContainerItemProxy section */

/* Begin PBXFileReference section */
		CC168E4B2382812300030731 /* Data_Structures.framework */ = {isa = PBXFileReference; explicitFileType = wrapper.framework; includeInIndex = 0; path = Data_Structures.framework; sourceTree = BUILT_PRODUCTS_DIR; };
		CC168E4E2382812300030731 /* Data_Structures.h */ = {isa = PBXFileReference; lastKnownFileType = sourcecode.c.h; path = Data_Structures.h; sourceTree = "<group>"; };
		CC168E4F2382812300030731 /* Info.plist */ = {isa = PBXFileReference; lastKnownFileType = text.plist.xml; path = Info.plist; sourceTree = "<group>"; };
		CC168E542382812300030731 /* Data StructuresTests.xctest */ = {isa = PBXFileReference; explicitFileType = wrapper.cfbundle; includeInIndex = 0; path = "Data StructuresTests.xctest"; sourceTree = BUILT_PRODUCTS_DIR; };
		CC168E592382812300030731 /* QueueTest.swift */ = {isa = PBXFileReference; lastKnownFileType = sourcecode.swift; path = QueueTest.swift; sourceTree = "<group>"; };
		CC168E5B2382812300030731 /* Info.plist */ = {isa = PBXFileReference; lastKnownFileType = text.plist.xml; path = Info.plist; sourceTree = "<group>"; };
		CC168E652382816000030731 /* Queue.swift */ = {isa = PBXFileReference; lastKnownFileType = sourcecode.swift; path = Queue.swift; sourceTree = "<group>"; };
		CC493DB9239CE12D00C65D8E /* Semigroup.swift */ = {isa = PBXFileReference; lastKnownFileType = sourcecode.swift; path = Semigroup.swift; sourceTree = "<group>"; };
		CC493DBB239CE46F00C65D8E /* Monoid.swift */ = {isa = PBXFileReference; lastKnownFileType = sourcecode.swift; path = Monoid.swift; sourceTree = "<group>"; };
		CC493DBD239CE50B00C65D8E /* Group.swift */ = {isa = PBXFileReference; lastKnownFileType = sourcecode.swift; path = Group.swift; sourceTree = "<group>"; };
		CC493DBF239CE5C300C65D8E /* Ring.swift */ = {isa = PBXFileReference; lastKnownFileType = sourcecode.swift; path = Ring.swift; sourceTree = "<group>"; };
		CC493DC1239CE6BB00C65D8E /* Field.swift */ = {isa = PBXFileReference; lastKnownFileType = sourcecode.swift; path = Field.swift; sourceTree = "<group>"; };
		CC493DC3239CE76400C65D8E /* Cardinality.swift */ = {isa = PBXFileReference; lastKnownFileType = sourcecode.swift; path = Cardinality.swift; sourceTree = "<group>"; };
		CC493DC5239CE94300C65D8E /* Extensions.swift */ = {isa = PBXFileReference; lastKnownFileType = sourcecode.swift; path = Extensions.swift; sourceTree = "<group>"; };
		CC493DC9239CEC0B00C65D8E /* Complex.swift */ = {isa = PBXFileReference; lastKnownFileType = sourcecode.swift; path = Complex.swift; sourceTree = "<group>"; };
		CC493DCD239CF09000C65D8E /* ComplexTest.swift */ = {isa = PBXFileReference; lastKnownFileType = sourcecode.swift; path = ComplexTest.swift; sourceTree = "<group>"; };
/* End PBXFileReference section */

/* Begin PBXFrameworksBuildPhase section */
		CC168E482382812300030731 /* Frameworks */ = {
			isa = PBXFrameworksBuildPhase;
			buildActionMask = 2147483647;
			files = (
			);
			runOnlyForDeploymentPostprocessing = 0;
		};
		CC168E512382812300030731 /* Frameworks */ = {
			isa = PBXFrameworksBuildPhase;
			buildActionMask = 2147483647;
			files = (
				CC168E552382812300030731 /* Data_Structures.framework in Frameworks */,
			);
			runOnlyForDeploymentPostprocessing = 0;
		};
/* End PBXFrameworksBuildPhase section */

/* Begin PBXGroup section */
		CC168E412382812300030731 = {
			isa = PBXGroup;
			children = (
				CC168E4D2382812300030731 /* Data Structures */,
				CC168E582382812300030731 /* Data StructuresTests */,
				CC168E4C2382812300030731 /* Products */,
			);
			sourceTree = "<group>";
		};
		CC168E4C2382812300030731 /* Products */ = {
			isa = PBXGroup;
			children = (
				CC168E4B2382812300030731 /* Data_Structures.framework */,
				CC168E542382812300030731 /* Data StructuresTests.xctest */,
			);
			name = Products;
			sourceTree = "<group>";
		};
		CC168E4D2382812300030731 /* Data Structures */ = {
			isa = PBXGroup;
			children = (
				CC168E4E2382812300030731 /* Data_Structures.h */,
				CC168E4F2382812300030731 /* Info.plist */,
				CC168E652382816000030731 /* Queue.swift */,
				CC493DB8239CE11400C65D8E /* Abstract Algebra */,
			);
			path = "Data Structures";
			sourceTree = "<group>";
		};
		CC168E582382812300030731 /* Data StructuresTests */ = {
			isa = PBXGroup;
			children = (
				CC493DCD239CF09000C65D8E /* ComplexTest.swift */,
				CC168E592382812300030731 /* QueueTest.swift */,
				CC168E5B2382812300030731 /* Info.plist */,
			);
			path = "Data StructuresTests";
			sourceTree = "<group>";
		};
		CC493DB8239CE11400C65D8E /* Abstract Algebra */ = {
			isa = PBXGroup;
			children = (
				CC493DB9239CE12D00C65D8E /* Semigroup.swift */,
				CC493DC3239CE76400C65D8E /* Cardinality.swift */,
				CC493DBB239CE46F00C65D8E /* Monoid.swift */,
				CC493DBD239CE50B00C65D8E /* Group.swift */,
				CC493DBF239CE5C300C65D8E /* Ring.swift */,
				CC493DC1239CE6BB00C65D8E /* Field.swift */,
				CC493DC5239CE94300C65D8E /* Extensions.swift */,
				CC493DC9239CEC0B00C65D8E /* Complex.swift */,
			);
			path = "Abstract Algebra";
			sourceTree = "<group>";
		};
/* End PBXGroup section */

/* Begin PBXHeadersBuildPhase section */
		CC168E462382812300030731 /* Headers */ = {
			isa = PBXHeadersBuildPhase;
			buildActionMask = 2147483647;
			files = (
				CC168E5C2382812300030731 /* Data_Structures.h in Headers */,
			);
			runOnlyForDeploymentPostprocessing = 0;
		};
/* End PBXHeadersBuildPhase section */

/* Begin PBXNativeTarget section */
		CC168E4A2382812300030731 /* Data Structures */ = {
			isa = PBXNativeTarget;
			buildConfigurationList = CC168E5F2382812300030731 /* Build configuration list for PBXNativeTarget "Data Structures" */;
			buildPhases = (
				CC168E462382812300030731 /* Headers */,
				CC168E472382812300030731 /* Sources */,
				CC168E482382812300030731 /* Frameworks */,
				CC168E492382812300030731 /* Resources */,
			);
			buildRules = (
			);
			dependencies = (
			);
			name = "Data Structures";
			productName = "Data Structures";
			productReference = CC168E4B2382812300030731 /* Data_Structures.framework */;
			productType = "com.apple.product-type.framework";
		};
		CC168E532382812300030731 /* Data StructuresTests */ = {
			isa = PBXNativeTarget;
			buildConfigurationList = CC168E622382812300030731 /* Build configuration list for PBXNativeTarget "Data StructuresTests" */;
			buildPhases = (
				CC168E502382812300030731 /* Sources */,
				CC168E512382812300030731 /* Frameworks */,
				CC168E522382812300030731 /* Resources */,
			);
			buildRules = (
			);
			dependencies = (
				CC168E572382812300030731 /* PBXTargetDependency */,
			);
			name = "Data StructuresTests";
			productName = "Data StructuresTests";
			productReference = CC168E542382812300030731 /* Data StructuresTests.xctest */;
			productType = "com.apple.product-type.bundle.unit-test";
		};
/* End PBXNativeTarget section */

/* Begin PBXProject section */
		CC168E422382812300030731 /* Project object */ = {
			isa = PBXProject;
			attributes = {
				LastSwiftUpdateCheck = 1100;
				LastUpgradeCheck = 1100;
				ORGANIZATIONNAME = "Calpha Dev";
				TargetAttributes = {
					CC168E4A2382812300030731 = {
						CreatedOnToolsVersion = 11.0;
						LastSwiftMigration = 1100;
					};
					CC168E532382812300030731 = {
						CreatedOnToolsVersion = 11.0;
					};
				};
			};
			buildConfigurationList = CC168E452382812300030731 /* Build configuration list for PBXProject "Data Structures" */;
			compatibilityVersion = "Xcode 9.3";
			developmentRegion = en;
			hasScannedForEncodings = 0;
			knownRegions = (
				en,
				Base,
			);
			mainGroup = CC168E412382812300030731;
			productRefGroup = CC168E4C2382812300030731 /* Products */;
			projectDirPath = "";
			projectRoot = "";
			targets = (
				CC168E4A2382812300030731 /* Data Structures */,
				CC168E532382812300030731 /* Data StructuresTests */,
			);
		};
/* End PBXProject section */

/* Begin PBXResourcesBuildPhase section */
		CC168E492382812300030731 /* Resources */ = {
			isa = PBXResourcesBuildPhase;
			buildActionMask = 2147483647;
			files = (
			);
			runOnlyForDeploymentPostprocessing = 0;
		};
		CC168E522382812300030731 /* Resources */ = {
			isa = PBXResourcesBuildPhase;
			buildActionMask = 2147483647;
			files = (
			);
			runOnlyForDeploymentPostprocessing = 0;
		};
/* End PBXResourcesBuildPhase section */

/* Begin PBXSourcesBuildPhase section */
		CC168E472382812300030731 /* Sources */ = {
			isa = PBXSourcesBuildPhase;
			buildActionMask = 2147483647;
			files = (
				CC493DC4239CE76400C65D8E /* Cardinality.swift in Sources */,
				CC493DCA239CEC0B00C65D8E /* Complex.swift in Sources */,
				CC493DBC239CE46F00C65D8E /* Monoid.swift in Sources */,
				CC493DC2239CE6BB00C65D8E /* Field.swift in Sources */,
				CC493DC6239CE94300C65D8E /* Extensions.swift in Sources */,
				CC168E662382816000030731 /* Queue.swift in Sources */,
				CC493DC0239CE5C300C65D8E /* Ring.swift in Sources */,
				CC493DBA239CE12D00C65D8E /* Semigroup.swift in Sources */,
				CC493DBE239CE50B00C65D8E /* Group.swift in Sources */,
			);
			runOnlyForDeploymentPostprocessing = 0;
		};
		CC168E502382812300030731 /* Sources */ = {
			isa = PBXSourcesBuildPhase;
			buildActionMask = 2147483647;
			files = (
				CC493DCE239CF09000C65D8E /* ComplexTest.swift in Sources */,
				CC168E5A2382812300030731 /* QueueTest.swift in Sources */,
			);
			runOnlyForDeploymentPostprocessing = 0;
		};
/* End PBXSourcesBuildPhase section */

/* Begin PBXTargetDependency section */
		CC168E572382812300030731 /* PBXTargetDependency */ = {
			isa = PBXTargetDependency;
			target = CC168E4A2382812300030731 /* Data Structures */;
			targetProxy = CC168E562382812300030731 /* PBXContainerItemProxy */;
		};
/* End PBXTargetDependency section */

/* Begin XCBuildConfiguration section */
		CC168E5D2382812300030731 /* Debug */ = {
			isa = XCBuildConfiguration;
			buildSettings = {
				ALWAYS_SEARCH_USER_PATHS = NO;
				CLANG_ANALYZER_NONNULL = YES;
				CLANG_ANALYZER_NUMBER_OBJECT_CONVERSION = YES_AGGRESSIVE;
				CLANG_CXX_LANGUAGE_STANDARD = "gnu++14";
				CLANG_CXX_LIBRARY = "libc++";
				CLANG_ENABLE_MODULES = YES;
				CLANG_ENABLE_OBJC_ARC = YES;
				CLANG_ENABLE_OBJC_WEAK = YES;
				CLANG_WARN_BLOCK_CAPTURE_AUTORELEASING = YES;
				CLANG_WARN_BOOL_CONVERSION = YES;
				CLANG_WARN_COMMA = YES;
				CLANG_WARN_CONSTANT_CONVERSION = YES;
				CLANG_WARN_DEPRECATED_OBJC_IMPLEMENTATIONS = YES;
				CLANG_WARN_DIRECT_OBJC_ISA_USAGE = YES_ERROR;
				CLANG_WARN_DOCUMENTATION_COMMENTS = YES;
				CLANG_WARN_EMPTY_BODY = YES;
				CLANG_WARN_ENUM_CONVERSION = YES;
				CLANG_WARN_INFINITE_RECURSION = YES;
				CLANG_WARN_INT_CONVERSION = YES;
				CLANG_WARN_NON_LITERAL_NULL_CONVERSION = YES;
				CLANG_WARN_OBJC_IMPLICIT_RETAIN_SELF = YES;
				CLANG_WARN_OBJC_LITERAL_CONVERSION = YES;
				CLANG_WARN_OBJC_ROOT_CLASS = YES_ERROR;
				CLANG_WARN_RANGE_LOOP_ANALYSIS = YES;
				CLANG_WARN_STRICT_PROTOTYPES = YES;
				CLANG_WARN_SUSPICIOUS_MOVE = YES;
				CLANG_WARN_UNGUARDED_AVAILABILITY = YES_AGGRESSIVE;
				CLANG_WARN_UNREACHABLE_CODE = YES;
				CLANG_WARN__DUPLICATE_METHOD_MATCH = YES;
				COPY_PHASE_STRIP = NO;
				CURRENT_PROJECT_VERSION = 1;
				DEBUG_INFORMATION_FORMAT = dwarf;
				ENABLE_STRICT_OBJC_MSGSEND = YES;
				ENABLE_TESTABILITY = YES;
				GCC_C_LANGUAGE_STANDARD = gnu11;
				GCC_DYNAMIC_NO_PIC = NO;
				GCC_NO_COMMON_BLOCKS = YES;
				GCC_OPTIMIZATION_LEVEL = 0;
				GCC_PREPROCESSOR_DEFINITIONS = (
					"DEBUG=1",
					"$(inherited)",
				);
				GCC_WARN_64_TO_32_BIT_CONVERSION = YES;
				GCC_WARN_ABOUT_RETURN_TYPE = YES_ERROR;
				GCC_WARN_UNDECLARED_SELECTOR = YES;
				GCC_WARN_UNINITIALIZED_AUTOS = YES_AGGRESSIVE;
				GCC_WARN_UNUSED_FUNCTION = YES;
				GCC_WARN_UNUSED_VARIABLE = YES;
				IPHONEOS_DEPLOYMENT_TARGET = 11.0;
				MTL_ENABLE_DEBUG_INFO = INCLUDE_SOURCE;
				MTL_FAST_MATH = YES;
				ONLY_ACTIVE_ARCH = YES;
				SDKROOT = iphoneos;
				SWIFT_ACTIVE_COMPILATION_CONDITIONS = DEBUG;
				SWIFT_OPTIMIZATION_LEVEL = "-Onone";
				VERSIONING_SYSTEM = "apple-generic";
				VERSION_INFO_PREFIX = "";
			};
			name = Debug;
		};
		CC168E5E2382812300030731 /* Release */ = {
			isa = XCBuildConfiguration;
			buildSettings = {
				ALWAYS_SEARCH_USER_PATHS = NO;
				CLANG_ANALYZER_NONNULL = YES;
				CLANG_ANALYZER_NUMBER_OBJECT_CONVERSION = YES_AGGRESSIVE;
				CLANG_CXX_LANGUAGE_STANDARD = "gnu++14";
				CLANG_CXX_LIBRARY = "libc++";
				CLANG_ENABLE_MODULES = YES;
				CLANG_ENABLE_OBJC_ARC = YES;
				CLANG_ENABLE_OBJC_WEAK = YES;
				CLANG_WARN_BLOCK_CAPTURE_AUTORELEASING = YES;
				CLANG_WARN_BOOL_CONVERSION = YES;
				CLANG_WARN_COMMA = YES;
				CLANG_WARN_CONSTANT_CONVERSION = YES;
				CLANG_WARN_DEPRECATED_OBJC_IMPLEMENTATIONS = YES;
				CLANG_WARN_DIRECT_OBJC_ISA_USAGE = YES_ERROR;
				CLANG_WARN_DOCUMENTATION_COMMENTS = YES;
				CLANG_WARN_EMPTY_BODY = YES;
				CLANG_WARN_ENUM_CONVERSION = YES;
				CLANG_WARN_INFINITE_RECURSION = YES;
				CLANG_WARN_INT_CONVERSION = YES;
				CLANG_WARN_NON_LITERAL_NULL_CONVERSION = YES;
				CLANG_WARN_OBJC_IMPLICIT_RETAIN_SELF = YES;
				CLANG_WARN_OBJC_LITERAL_CONVERSION = YES;
				CLANG_WARN_OBJC_ROOT_CLASS = YES_ERROR;
				CLANG_WARN_RANGE_LOOP_ANALYSIS = YES;
				CLANG_WARN_STRICT_PROTOTYPES = YES;
				CLANG_WARN_SUSPICIOUS_MOVE = YES;
				CLANG_WARN_UNGUARDED_AVAILABILITY = YES_AGGRESSIVE;
				CLANG_WARN_UNREACHABLE_CODE = YES;
				CLANG_WARN__DUPLICATE_METHOD_MATCH = YES;
				COPY_PHASE_STRIP = NO;
				CURRENT_PROJECT_VERSION = 1;
				DEBUG_INFORMATION_FORMAT = "dwarf-with-dsym";
				ENABLE_NS_ASSERTIONS = NO;
				ENABLE_STRICT_OBJC_MSGSEND = YES;
				GCC_C_LANGUAGE_STANDARD = gnu11;
				GCC_NO_COMMON_BLOCKS = YES;
				GCC_WARN_64_TO_32_BIT_CONVERSION = YES;
				GCC_WARN_ABOUT_RETURN_TYPE = YES_ERROR;
				GCC_WARN_UNDECLARED_SELECTOR = YES;
				GCC_WARN_UNINITIALIZED_AUTOS = YES_AGGRESSIVE;
				GCC_WARN_UNUSED_FUNCTION = YES;
				GCC_WARN_UNUSED_VARIABLE = YES;
				IPHONEOS_DEPLOYMENT_TARGET = 11.0;
				MTL_ENABLE_DEBUG_INFO = NO;
				MTL_FAST_MATH = YES;
				SDKROOT = iphoneos;
				SWIFT_COMPILATION_MODE = wholemodule;
				SWIFT_OPTIMIZATION_LEVEL = "-O";
				VALIDATE_PRODUCT = YES;
				VERSIONING_SYSTEM = "apple-generic";
				VERSION_INFO_PREFIX = "";
			};
			name = Release;
		};
		CC168E602382812300030731 /* Debug */ = {
			isa = XCBuildConfiguration;
			buildSettings = {
				CLANG_ENABLE_MODULES = YES;
				CODE_SIGN_STYLE = Automatic;
				DEFINES_MODULE = YES;
				DEVELOPMENT_TEAM = US8T2D45H8;
				DYLIB_COMPATIBILITY_VERSION = 1;
				DYLIB_CURRENT_VERSION = 1;
				DYLIB_INSTALL_NAME_BASE = "@rpath";
				INFOPLIST_FILE = "Data Structures/Info.plist";
				INSTALL_PATH = "$(LOCAL_LIBRARY_DIR)/Frameworks";
				LD_RUNPATH_SEARCH_PATHS = (
					"$(inherited)",
					"@executable_path/Frameworks",
					"@loader_path/Frameworks",
				);
				PRODUCT_BUNDLE_IDENTIFIER = "com.themoon2000.Data-Structures";
				PRODUCT_NAME = "$(TARGET_NAME:c99extidentifier)";
				SKIP_INSTALL = YES;
				SWIFT_OPTIMIZATION_LEVEL = "-Onone";
				SWIFT_VERSION = 5.0;
				TARGETED_DEVICE_FAMILY = "1,2";
			};
			name = Debug;
		};
		CC168E612382812300030731 /* Release */ = {
			isa = XCBuildConfiguration;
			buildSettings = {
				CLANG_ENABLE_MODULES = YES;
				CODE_SIGN_STYLE = Automatic;
				DEFINES_MODULE = YES;
				DEVELOPMENT_TEAM = US8T2D45H8;
				DYLIB_COMPATIBILITY_VERSION = 1;
				DYLIB_CURRENT_VERSION = 1;
				DYLIB_INSTALL_NAME_BASE = "@rpath";
				INFOPLIST_FILE = "Data Structures/Info.plist";
				INSTALL_PATH = "$(LOCAL_LIBRARY_DIR)/Frameworks";
				LD_RUNPATH_SEARCH_PATHS = (
					"$(inherited)",
					"@executable_path/Frameworks",
					"@loader_path/Frameworks",
				);
				PRODUCT_BUNDLE_IDENTIFIER = "com.themoon2000.Data-Structures";
				PRODUCT_NAME = "$(TARGET_NAME:c99extidentifier)";
				SKIP_INSTALL = YES;
				SWIFT_VERSION = 5.0;
				TARGETED_DEVICE_FAMILY = "1,2";
			};
			name = Release;
		};
		CC168E632382812300030731 /* Debug */ = {
			isa = XCBuildConfiguration;
			buildSettings = {
				ALWAYS_EMBED_SWIFT_STANDARD_LIBRARIES = YES;
				CODE_SIGN_STYLE = Automatic;
				DEVELOPMENT_TEAM = US8T2D45H8;
				INFOPLIST_FILE = "Data StructuresTests/Info.plist";
				LD_RUNPATH_SEARCH_PATHS = (
					"$(inherited)",
					"@executable_path/Frameworks",
					"@loader_path/Frameworks",
				);
				PRODUCT_BUNDLE_IDENTIFIER = "com.themoon2000.Data-StructuresTests";
				PRODUCT_NAME = "$(TARGET_NAME)";
				SWIFT_VERSION = 5.0;
				TARGETED_DEVICE_FAMILY = "1,2";
			};
			name = Debug;
		};
		CC168E642382812300030731 /* Release */ = {
			isa = XCBuildConfiguration;
			buildSettings = {
				ALWAYS_EMBED_SWIFT_STANDARD_LIBRARIES = YES;
				CODE_SIGN_STYLE = Automatic;
				DEVELOPMENT_TEAM = US8T2D45H8;
				INFOPLIST_FILE = "Data StructuresTests/Info.plist";
				LD_RUNPATH_SEARCH_PATHS = (
					"$(inherited)",
					"@executable_path/Frameworks",
					"@loader_path/Frameworks",
				);
				PRODUCT_BUNDLE_IDENTIFIER = "com.themoon2000.Data-StructuresTests";
				PRODUCT_NAME = "$(TARGET_NAME)";
				SWIFT_VERSION = 5.0;
				TARGETED_DEVICE_FAMILY = "1,2";
			};
			name = Release;
		};
/* End XCBuildConfiguration section */

/* Begin XCConfigurationList section */
		CC168E452382812300030731 /* Build configuration list for PBXProject "Data Structures" */ = {
			isa = XCConfigurationList;
			buildConfigurations = (
				CC168E5D2382812300030731 /* Debug */,
				CC168E5E2382812300030731 /* Release */,
			);
			defaultConfigurationIsVisible = 0;
			defaultConfigurationName = Release;
		};
		CC168E5F2382812300030731 /* Build configuration list for PBXNativeTarget "Data Structures" */ = {
			isa = XCConfigurationList;
			buildConfigurations = (
				CC168E602382812300030731 /* Debug */,
				CC168E612382812300030731 /* Release */,
			);
			defaultConfigurationIsVisible = 0;
			defaultConfigurationName = Release;
		};
		CC168E622382812300030731 /* Build configuration list for PBXNativeTarget "Data StructuresTests" */ = {
			isa = XCConfigurationList;
			buildConfigurations = (
				CC168E632382812300030731 /* Debug */,
				CC168E642382812300030731 /* Release */,
			);
			defaultConfigurationIsVisible = 0;
			defaultConfigurationName = Release;
		};
/* End XCConfigurationList section */
	};
	rootObject = CC168E422382812300030731 /* Project object */;
}
